
Microsoft Visual Studio Solution File, Format Version 11.00
# Visual Studio 2010
Project("{2150E333-8FDC-42A3-9474-1A3956D46DE8}") = "Client", "Client", "{A23B82FA-2863-4968-A064-A4E0A9F77045}"
EndProject
Project("{FAE04EC0-301F-11D3-BF4B-00C04F79EFBC}") = "AutomationClient", "Client\AutomationClient\AutomationClient.csproj", "{3BA01FA4-AF6E-49B7-9C80-F9E2B197969C}"
EndProject
Project("{2150E333-8FDC-42A3-9474-1A3956D46DE8}") = "Example", "Example", "{821EB794-D16E-42A3-B2E3-33DFE8247114}"
EndProject
Project("{FAE04EC0-301F-11D3-BF4B-00C04F79EFBC}") = "ExampleApp.Spec", "Example\ExampleApp.Spec\ExampleApp.Spec.csproj", "{61D0E0D1-52FD-4432-A522-68CFB6F23B18}"
EndProject
Project("{FAE04EC0-301F-11D3-BF4B-00C04F79EFBC}") = "ExampleApp", "Example\ExampleApp\ExampleApp.csproj", "{430BC929-93BB-48D5-850D-5DA65E324FDD}"
EndProject
Project("{2150E333-8FDC-42A3-9474-1A3956D46DE8}") = "Server", "Server", "{2D37EE0D-0245-4C97-89AB-25BA69EA03CE}"
EndProject
Project("{FAE04EC0-301F-11D3-BF4B-00C04F79EFBC}") = "Utils", "Server\Utils\Utils.csproj", "{4C0765F2-A904-4E2E-8FFA-9DE0AA461804}"
EndProject
Project("{FAE04EC0-301F-11D3-BF4B-00C04F79EFBC}") = "EmuSteps", "Server\EmuSteps\EmuSteps.csproj", "{A1828C05-AE1C-45F0-8F86-1195E40E62D7}"
EndProject
Project("{2150E333-8FDC-42A3-9474-1A3956D46DE8}") = "CommandLine", "CommandLine", "{B1352518-A11F-4F75-864F-33A994AC5342}"
EndProject
Project("{FAE04EC0-301F-11D3-BF4B-00C04F79EFBC}") = "EmuHost", "CommandLine\EmuHost\EmuHost.csproj", "{08B30BEC-3995-4508-81EC-E96E396177FC}"
EndProject
Project("{FAE04EC0-301F-11D3-BF4B-00C04F79EFBC}") = "CommandLineHost", "CommandLine\CommandLineHost\CommandLineHost.csproj", "{2F9D77C2-C258-45BA-9921-9A7AE3729D4C}"
EndProject
Project("{FAE04EC0-301F-11D3-BF4B-00C04F79EFBC}") = "AutomationHost", "CommandLine\AutomationHost\AutomationHost.csproj", "{E7F08DBA-90A9-425F-9DA0-02C7A003292A}"
EndProject
Project("{FAE04EC0-301F-11D3-BF4B-00C04F79EFBC}") = "EmuForeground", "CommandLine\EmuForeground\EmuForeground.csproj", "{5F4F4B92-DFD3-43FB-80B3-E68215A975CE}"
EndProject
Project("{FAE04EC0-301F-11D3-BF4B-00C04F79EFBC}") = "EmuBackground", "CommandLine\EmuBackground\EmuBackground.csproj", "{AA54B613-9AA7-4DDD-99B3-E8A3447B7BB4}"
EndProject
Project("{FAE04EC0-301F-11D3-BF4B-00C04F79EFBC}") = "EmuMac", "CommandLine\EmuMac\EmuMac.csproj", "{2A8828E5-50D9-4129-A28C-1E585C2D1B18}"
EndProject
Project("{FAE04EC0-301F-11D3-BF4B-00C04F79EFBC}") = "Core", "Server\Core\Core.csproj", "{D781684B-6B06-4D2C-B6F1-3A281D7C3697}"
EndProject
Project("{FAE04EC0-301F-11D3-BF4B-00C04F79EFBC}") = "WindowsPhoneEmulatorAutomationController", "Server\WindowsPhoneEmulatorAutomationController\WindowsPhoneEmulatorAutomationController.csproj", "{C46C6F71-28D0-4151-8268-D5E851CDE9DC}"
EndProject
Project("{FAE04EC0-301F-11D3-BF4B-00C04F79EFBC}") = "WindowsPhoneDeviceController", "Server\WindowsPhoneDeviceController\WindowsPhoneDeviceController.csproj", "{924F63A9-9125-4E62-AF3F-ED28B9354E9E}"
EndProject
Project("{FAE04EC0-301F-11D3-BF4B-00C04F79EFBC}") = "WCFHostedAutomationController", "Server\WCFHostedAutomationController\WCFHostedAutomationController.csproj", "{B0F9A9E3-D4AC-44C5-AEC2-DE83534C7E73}"
EndProject
Project("{FAE04EC0-301F-11D3-BF4B-00C04F79EFBC}") = "AndroidEmulatorAutomationController", "Server\AndroidPhoneEmulatorAutomationController\AndroidEmulatorAutomationController.csproj", "{8CF22F8F-C476-4053-83C5-FDAAA9963AAE}"
EndProject
Project("{FAE04EC0-301F-11D3-BF4B-00C04F79EFBC}") = "AndroidDeviceController", "Server\AndroidDeviceController\AndroidDeviceController.csproj", "{83D197CE-5EE5-409E-8A41-8C7104172205}"
EndProject
Project("{FAE04EC0-301F-11D3-BF4B-00C04F79EFBC}") = "DeviceControllerCore", "Server\DeviceControllerCore\DeviceControllerCore.csproj", "{3C004657-8682-4230-9AF9-15A179542CA4}"
EndProject
Project("{FAE04EC0-301F-11D3-BF4B-00C04F79EFBC}") = "AndroidDisplayInputController.Windows", "Server\AndroidDisplayInputController.Windows\AndroidDisplayInputController.Windows.csproj", "{42306605-A5D0-43AB-8EA3-540A9CD23218}"
EndProject
Project("{FAE04EC0-301F-11D3-BF4B-00C04F79EFBC}") = "DisplayInputControllerCore", "Server\DisplayInputControllerCore\DisplayInputControllerCore.csproj", "{A2C1E054-51F1-49FC-B602-98FFF0E9D218}"
EndProject
Global
	GlobalSection(SolutionConfigurationPlatforms) = preSolution
		Debug|Any CPU = Debug|Any CPU
		Debug|Mixed Platforms = Debug|Mixed Platforms
		Debug|x86 = Debug|x86
		Release|Any CPU = Release|Any CPU
		Release|Mixed Platforms = Release|Mixed Platforms
		Release|x86 = Release|x86
	EndGlobalSection
	GlobalSection(ProjectConfigurationPlatforms) = postSolution
		{3BA01FA4-AF6E-49B7-9C80-F9E2B197969C}.Debug|Any CPU.ActiveCfg = Debug|Any CPU
		{3BA01FA4-AF6E-49B7-9C80-F9E2B197969C}.Debug|Mixed Platforms.ActiveCfg = Debug|Any CPU
		{3BA01FA4-AF6E-49B7-9C80-F9E2B197969C}.Debug|x86.ActiveCfg = Debug|Any CPU
		{3BA01FA4-AF6E-49B7-9C80-F9E2B197969C}.Release|Any CPU.ActiveCfg = Release|Any CPU
		{3BA01FA4-AF6E-49B7-9C80-F9E2B197969C}.Release|Mixed Platforms.ActiveCfg = Release|Any CPU
		{3BA01FA4-AF6E-49B7-9C80-F9E2B197969C}.Release|x86.ActiveCfg = Release|Any CPU
		{61D0E0D1-52FD-4432-A522-68CFB6F23B18}.Debug|Any CPU.ActiveCfg = Debug|Any CPU
		{61D0E0D1-52FD-4432-A522-68CFB6F23B18}.Debug|Any CPU.Build.0 = Debug|Any CPU
		{61D0E0D1-52FD-4432-A522-68CFB6F23B18}.Debug|Mixed Platforms.ActiveCfg = Debug|Any CPU
		{61D0E0D1-52FD-4432-A522-68CFB6F23B18}.Debug|Mixed Platforms.Build.0 = Debug|Any CPU
		{61D0E0D1-52FD-4432-A522-68CFB6F23B18}.Debug|x86.ActiveCfg = Debug|Any CPU
		{61D0E0D1-52FD-4432-A522-68CFB6F23B18}.Release|Any CPU.ActiveCfg = Release|Any CPU
		{61D0E0D1-52FD-4432-A522-68CFB6F23B18}.Release|Any CPU.Build.0 = Release|Any CPU
		{61D0E0D1-52FD-4432-A522-68CFB6F23B18}.Release|Mixed Platforms.ActiveCfg = Release|Any CPU
		{61D0E0D1-52FD-4432-A522-68CFB6F23B18}.Release|Mixed Platforms.Build.0 = Release|Any CPU
		{61D0E0D1-52FD-4432-A522-68CFB6F23B18}.Release|x86.ActiveCfg = Release|Any CPU
		{430BC929-93BB-48D5-850D-5DA65E324FDD}.Debug|Any CPU.ActiveCfg = Debug|Any CPU
		{430BC929-93BB-48D5-850D-5DA65E324FDD}.Debug|Mixed Platforms.ActiveCfg = Debug|Any CPU
		{430BC929-93BB-48D5-850D-5DA65E324FDD}.Debug|x86.ActiveCfg = Debug|Any CPU
		{430BC929-93BB-48D5-850D-5DA65E324FDD}.Release|Any CPU.ActiveCfg = Release|Any CPU
		{430BC929-93BB-48D5-850D-5DA65E324FDD}.Release|Mixed Platforms.ActiveCfg = Release|Any CPU
		{430BC929-93BB-48D5-850D-5DA65E324FDD}.Release|x86.ActiveCfg = Release|Any CPU
		{4C0765F2-A904-4E2E-8FFA-9DE0AA461804}.Debug|Any CPU.ActiveCfg = Debug|Any CPU
		{4C0765F2-A904-4E2E-8FFA-9DE0AA461804}.Debug|Any CPU.Build.0 = Debug|Any CPU
		{4C0765F2-A904-4E2E-8FFA-9DE0AA461804}.Debug|Mixed Platforms.ActiveCfg = Debug|Any CPU
		{4C0765F2-A904-4E2E-8FFA-9DE0AA461804}.Debug|Mixed Platforms.Build.0 = Debug|Any CPU
		{4C0765F2-A904-4E2E-8FFA-9DE0AA461804}.Debug|x86.ActiveCfg = Debug|Any CPU
		{4C0765F2-A904-4E2E-8FFA-9DE0AA461804}.Release|Any CPU.ActiveCfg = Release|Any CPU
		{4C0765F2-A904-4E2E-8FFA-9DE0AA461804}.Release|Any CPU.Build.0 = Release|Any CPU
		{4C0765F2-A904-4E2E-8FFA-9DE0AA461804}.Release|Mixed Platforms.ActiveCfg = Release|Any CPU
		{4C0765F2-A904-4E2E-8FFA-9DE0AA461804}.Release|Mixed Platforms.Build.0 = Release|Any CPU
		{4C0765F2-A904-4E2E-8FFA-9DE0AA461804}.Release|x86.ActiveCfg = Release|Any CPU
		{A1828C05-AE1C-45F0-8F86-1195E40E62D7}.Debug|Any CPU.ActiveCfg = Debug|Any CPU
		{A1828C05-AE1C-45F0-8F86-1195E40E62D7}.Debug|Any CPU.Build.0 = Debug|Any CPU
		{A1828C05-AE1C-45F0-8F86-1195E40E62D7}.Debug|Mixed Platforms.ActiveCfg = Debug|Any CPU
		{A1828C05-AE1C-45F0-8F86-1195E40E62D7}.Debug|Mixed Platforms.Build.0 = Debug|Any CPU
		{A1828C05-AE1C-45F0-8F86-1195E40E62D7}.Debug|x86.ActiveCfg = Debug|Any CPU
		{A1828C05-AE1C-45F0-8F86-1195E40E62D7}.Release|Any CPU.ActiveCfg = Release|Any CPU
		{A1828C05-AE1C-45F0-8F86-1195E40E62D7}.Release|Any CPU.Build.0 = Release|Any CPU
		{A1828C05-AE1C-45F0-8F86-1195E40E62D7}.Release|Mixed Platforms.ActiveCfg = Release|Any CPU
		{A1828C05-AE1C-45F0-8F86-1195E40E62D7}.Release|Mixed Platforms.Build.0 = Release|Any CPU
		{A1828C05-AE1C-45F0-8F86-1195E40E62D7}.Release|x86.ActiveCfg = Release|Any CPU
		{08B30BEC-3995-4508-81EC-E96E396177FC}.Debug|Any CPU.ActiveCfg = Debug|x86
		{08B30BEC-3995-4508-81EC-E96E396177FC}.Debug|Mixed Platforms.ActiveCfg = Debug|x86
		{08B30BEC-3995-4508-81EC-E96E396177FC}.Debug|Mixed Platforms.Build.0 = Debug|x86
		{08B30BEC-3995-4508-81EC-E96E396177FC}.Debug|x86.ActiveCfg = Debug|x86
		{08B30BEC-3995-4508-81EC-E96E396177FC}.Debug|x86.Build.0 = Debug|x86
		{08B30BEC-3995-4508-81EC-E96E396177FC}.Release|Any CPU.ActiveCfg = Release|x86
		{08B30BEC-3995-4508-81EC-E96E396177FC}.Release|Mixed Platforms.ActiveCfg = Release|x86
		{08B30BEC-3995-4508-81EC-E96E396177FC}.Release|Mixed Platforms.Build.0 = Release|x86
		{08B30BEC-3995-4508-81EC-E96E396177FC}.Release|x86.ActiveCfg = Release|x86
		{08B30BEC-3995-4508-81EC-E96E396177FC}.Release|x86.Build.0 = Release|x86
		{2F9D77C2-C258-45BA-9921-9A7AE3729D4C}.Debug|Any CPU.ActiveCfg = Debug|Any CPU
		{2F9D77C2-C258-45BA-9921-9A7AE3729D4C}.Debug|Any CPU.Build.0 = Debug|Any CPU
		{2F9D77C2-C258-45BA-9921-9A7AE3729D4C}.Debug|Mixed Platforms.ActiveCfg = Debug|Any CPU
		{2F9D77C2-C258-45BA-9921-9A7AE3729D4C}.Debug|Mixed Platforms.Build.0 = Debug|Any CPU
		{2F9D77C2-C258-45BA-9921-9A7AE3729D4C}.Debug|x86.ActiveCfg = Debug|Any CPU
		{2F9D77C2-C258-45BA-9921-9A7AE3729D4C}.Release|Any CPU.ActiveCfg = Release|Any CPU
		{2F9D77C2-C258-45BA-9921-9A7AE3729D4C}.Release|Any CPU.Build.0 = Release|Any CPU
		{2F9D77C2-C258-45BA-9921-9A7AE3729D4C}.Release|Mixed Platforms.ActiveCfg = Release|Any CPU
		{2F9D77C2-C258-45BA-9921-9A7AE3729D4C}.Release|Mixed Platforms.Build.0 = Release|Any CPU
		{2F9D77C2-C258-45BA-9921-9A7AE3729D4C}.Release|x86.ActiveCfg = Release|Any CPU
		{E7F08DBA-90A9-425F-9DA0-02C7A003292A}.Debug|Any CPU.ActiveCfg = Debug|x86
		{E7F08DBA-90A9-425F-9DA0-02C7A003292A}.Debug|Mixed Platforms.ActiveCfg = Debug|x86
		{E7F08DBA-90A9-425F-9DA0-02C7A003292A}.Debug|Mixed Platforms.Build.0 = Debug|x86
		{E7F08DBA-90A9-425F-9DA0-02C7A003292A}.Debug|x86.ActiveCfg = Debug|x86
		{E7F08DBA-90A9-425F-9DA0-02C7A003292A}.Debug|x86.Build.0 = Debug|x86
		{E7F08DBA-90A9-425F-9DA0-02C7A003292A}.Release|Any CPU.ActiveCfg = Release|x86
		{E7F08DBA-90A9-425F-9DA0-02C7A003292A}.Release|Mixed Platforms.ActiveCfg = Release|x86
		{E7F08DBA-90A9-425F-9DA0-02C7A003292A}.Release|Mixed Platforms.Build.0 = Release|x86
		{E7F08DBA-90A9-425F-9DA0-02C7A003292A}.Release|x86.ActiveCfg = Release|x86
		{E7F08DBA-90A9-425F-9DA0-02C7A003292A}.Release|x86.Build.0 = Release|x86
		{5F4F4B92-DFD3-43FB-80B3-E68215A975CE}.Debug|Any CPU.ActiveCfg = Debug|x86
		{5F4F4B92-DFD3-43FB-80B3-E68215A975CE}.Debug|Mixed Platforms.ActiveCfg = Debug|x86
		{5F4F4B92-DFD3-43FB-80B3-E68215A975CE}.Debug|Mixed Platforms.Build.0 = Debug|x86
		{5F4F4B92-DFD3-43FB-80B3-E68215A975CE}.Debug|x86.ActiveCfg = Debug|x86
		{5F4F4B92-DFD3-43FB-80B3-E68215A975CE}.Debug|x86.Build.0 = Debug|x86
		{5F4F4B92-DFD3-43FB-80B3-E68215A975CE}.Release|Any CPU.ActiveCfg = Release|x86
		{5F4F4B92-DFD3-43FB-80B3-E68215A975CE}.Release|Mixed Platforms.ActiveCfg = Release|x86
		{5F4F4B92-DFD3-43FB-80B3-E68215A975CE}.Release|Mixed Platforms.Build.0 = Release|x86
		{5F4F4B92-DFD3-43FB-80B3-E68215A975CE}.Release|x86.ActiveCfg = Release|x86
		{5F4F4B92-DFD3-43FB-80B3-E68215A975CE}.Release|x86.Build.0 = Release|x86
		{AA54B613-9AA7-4DDD-99B3-E8A3447B7BB4}.Debug|Any CPU.ActiveCfg = Debug|x86
		{AA54B613-9AA7-4DDD-99B3-E8A3447B7BB4}.Debug|Mixed Platforms.ActiveCfg = Debug|x86
		{AA54B613-9AA7-4DDD-99B3-E8A3447B7BB4}.Debug|Mixed Platforms.Build.0 = Debug|x86
		{AA54B613-9AA7-4DDD-99B3-E8A3447B7BB4}.Debug|x86.ActiveCfg = Debug|x86
		{AA54B613-9AA7-4DDD-99B3-E8A3447B7BB4}.Debug|x86.Build.0 = Debug|x86
		{AA54B613-9AA7-4DDD-99B3-E8A3447B7BB4}.Release|Any CPU.ActiveCfg = Release|x86
		{AA54B613-9AA7-4DDD-99B3-E8A3447B7BB4}.Release|Mixed Platforms.ActiveCfg = Release|x86
		{AA54B613-9AA7-4DDD-99B3-E8A3447B7BB4}.Release|Mixed Platforms.Build.0 = Release|x86
		{AA54B613-9AA7-4DDD-99B3-E8A3447B7BB4}.Release|x86.ActiveCfg = Release|x86
		{AA54B613-9AA7-4DDD-99B3-E8A3447B7BB4}.Release|x86.Build.0 = Release|x86
		{2A8828E5-50D9-4129-A28C-1E585C2D1B18}.Debug|Any CPU.ActiveCfg = Debug|Any CPU
		{2A8828E5-50D9-4129-A28C-1E585C2D1B18}.Debug|Any CPU.Build.0 = Debug|Any CPU
		{2A8828E5-50D9-4129-A28C-1E585C2D1B18}.Debug|Mixed Platforms.ActiveCfg = Debug|Any CPU
		{2A8828E5-50D9-4129-A28C-1E585C2D1B18}.Debug|Mixed Platforms.Build.0 = Debug|Any CPU
		{2A8828E5-50D9-4129-A28C-1E585C2D1B18}.Debug|x86.ActiveCfg = Debug|Any CPU
		{2A8828E5-50D9-4129-A28C-1E585C2D1B18}.Debug|x86.Build.0 = Debug|Any CPU
		{2A8828E5-50D9-4129-A28C-1E585C2D1B18}.Release|Any CPU.ActiveCfg = Release|Any CPU
		{2A8828E5-50D9-4129-A28C-1E585C2D1B18}.Release|Any CPU.Build.0 = Release|Any CPU
		{2A8828E5-50D9-4129-A28C-1E585C2D1B18}.Release|Mixed Platforms.ActiveCfg = Release|Any CPU
		{2A8828E5-50D9-4129-A28C-1E585C2D1B18}.Release|Mixed Platforms.Build.0 = Release|Any CPU
		{2A8828E5-50D9-4129-A28C-1E585C2D1B18}.Release|x86.ActiveCfg = Release|Any CPU
		{2A8828E5-50D9-4129-A28C-1E585C2D1B18}.Release|x86.Build.0 = Release|Any CPU
		{D781684B-6B06-4D2C-B6F1-3A281D7C3697}.Debug|Any CPU.ActiveCfg = Debug|Any CPU
		{D781684B-6B06-4D2C-B6F1-3A281D7C3697}.Debug|Any CPU.Build.0 = Debug|Any CPU
		{D781684B-6B06-4D2C-B6F1-3A281D7C3697}.Debug|Mixed Platforms.ActiveCfg = Debug|Any CPU
		{D781684B-6B06-4D2C-B6F1-3A281D7C3697}.Debug|Mixed Platforms.Build.0 = Debug|Any CPU
		{D781684B-6B06-4D2C-B6F1-3A281D7C3697}.Debug|x86.ActiveCfg = Debug|Any CPU
		{D781684B-6B06-4D2C-B6F1-3A281D7C3697}.Release|Any CPU.ActiveCfg = Release|Any CPU
		{D781684B-6B06-4D2C-B6F1-3A281D7C3697}.Release|Any CPU.Build.0 = Release|Any CPU
		{D781684B-6B06-4D2C-B6F1-3A281D7C3697}.Release|Mixed Platforms.ActiveCfg = Release|Any CPU
		{D781684B-6B06-4D2C-B6F1-3A281D7C3697}.Release|Mixed Platforms.Build.0 = Release|Any CPU
		{D781684B-6B06-4D2C-B6F1-3A281D7C3697}.Release|x86.ActiveCfg = Release|Any CPU
		{C46C6F71-28D0-4151-8268-D5E851CDE9DC}.Debug|Any CPU.ActiveCfg = Debug|Any CPU
		{C46C6F71-28D0-4151-8268-D5E851CDE9DC}.Debug|Any CPU.Build.0 = Debug|Any CPU
		{C46C6F71-28D0-4151-8268-D5E851CDE9DC}.Debug|Mixed Platforms.ActiveCfg = Debug|Any CPU
		{C46C6F71-28D0-4151-8268-D5E851CDE9DC}.Debug|Mixed Platforms.Build.0 = Debug|Any CPU
		{C46C6F71-28D0-4151-8268-D5E851CDE9DC}.Debug|x86.ActiveCfg = Debug|Any CPU
		{C46C6F71-28D0-4151-8268-D5E851CDE9DC}.Release|Any CPU.ActiveCfg = Release|Any CPU
		{C46C6F71-28D0-4151-8268-D5E851CDE9DC}.Release|Any CPU.Build.0 = Release|Any CPU
		{C46C6F71-28D0-4151-8268-D5E851CDE9DC}.Release|Mixed Platforms.ActiveCfg = Release|Any CPU
		{C46C6F71-28D0-4151-8268-D5E851CDE9DC}.Release|Mixed Platforms.Build.0 = Release|Any CPU
		{C46C6F71-28D0-4151-8268-D5E851CDE9DC}.Release|x86.ActiveCfg = Release|Any CPU
		{924F63A9-9125-4E62-AF3F-ED28B9354E9E}.Debug|Any CPU.ActiveCfg = Debug|Any CPU
		{924F63A9-9125-4E62-AF3F-ED28B9354E9E}.Debug|Any CPU.Build.0 = Debug|Any CPU
		{924F63A9-9125-4E62-AF3F-ED28B9354E9E}.Debug|Mixed Platforms.ActiveCfg = Debug|Any CPU
		{924F63A9-9125-4E62-AF3F-ED28B9354E9E}.Debug|Mixed Platforms.Build.0 = Debug|Any CPU
		{924F63A9-9125-4E62-AF3F-ED28B9354E9E}.Debug|x86.ActiveCfg = Debug|Any CPU
		{924F63A9-9125-4E62-AF3F-ED28B9354E9E}.Release|Any CPU.ActiveCfg = Release|Any CPU
		{924F63A9-9125-4E62-AF3F-ED28B9354E9E}.Release|Any CPU.Build.0 = Release|Any CPU
		{924F63A9-9125-4E62-AF3F-ED28B9354E9E}.Release|Mixed Platforms.ActiveCfg = Release|Any CPU
		{924F63A9-9125-4E62-AF3F-ED28B9354E9E}.Release|Mixed Platforms.Build.0 = Release|Any CPU
		{924F63A9-9125-4E62-AF3F-ED28B9354E9E}.Release|x86.ActiveCfg = Release|Any CPU
		{B0F9A9E3-D4AC-44C5-AEC2-DE83534C7E73}.Debug|Any CPU.ActiveCfg = Debug|Any CPU
		{B0F9A9E3-D4AC-44C5-AEC2-DE83534C7E73}.Debug|Any CPU.Build.0 = Debug|Any CPU
		{B0F9A9E3-D4AC-44C5-AEC2-DE83534C7E73}.Debug|Mixed Platforms.ActiveCfg = Debug|Any CPU
		{B0F9A9E3-D4AC-44C5-AEC2-DE83534C7E73}.Debug|Mixed Platforms.Build.0 = Debug|Any CPU
		{B0F9A9E3-D4AC-44C5-AEC2-DE83534C7E73}.Debug|x86.ActiveCfg = Debug|Any CPU
		{B0F9A9E3-D4AC-44C5-AEC2-DE83534C7E73}.Release|Any CPU.ActiveCfg = Release|Any CPU
		{B0F9A9E3-D4AC-44C5-AEC2-DE83534C7E73}.Release|Any CPU.Build.0 = Release|Any CPU
		{B0F9A9E3-D4AC-44C5-AEC2-DE83534C7E73}.Release|Mixed Platforms.ActiveCfg = Release|Any CPU
		{B0F9A9E3-D4AC-44C5-AEC2-DE83534C7E73}.Release|Mixed Platforms.Build.0 = Release|Any CPU
		{B0F9A9E3-D4AC-44C5-AEC2-DE83534C7E73}.Release|x86.ActiveCfg = Release|Any CPU
		{8CF22F8F-C476-4053-83C5-FDAAA9963AAE}.Debug|Any CPU.ActiveCfg = Debug|Any CPU
		{8CF22F8F-C476-4053-83C5-FDAAA9963AAE}.Debug|Any CPU.Build.0 = Debug|Any CPU
		{8CF22F8F-C476-4053-83C5-FDAAA9963AAE}.Debug|Mixed Platforms.ActiveCfg = Debug|Any CPU
		{8CF22F8F-C476-4053-83C5-FDAAA9963AAE}.Debug|Mixed Platforms.Build.0 = Debug|Any CPU
		{8CF22F8F-C476-4053-83C5-FDAAA9963AAE}.Debug|x86.ActiveCfg = Debug|Any CPU
		{8CF22F8F-C476-4053-83C5-FDAAA9963AAE}.Release|Any CPU.ActiveCfg = Release|Any CPU
		{8CF22F8F-C476-4053-83C5-FDAAA9963AAE}.Release|Any CPU.Build.0 = Release|Any CPU
		{8CF22F8F-C476-4053-83C5-FDAAA9963AAE}.Release|Mixed Platforms.ActiveCfg = Release|Any CPU
		{8CF22F8F-C476-4053-83C5-FDAAA9963AAE}.Release|Mixed Platforms.Build.0 = Release|Any CPU
		{8CF22F8F-C476-4053-83C5-FDAAA9963AAE}.Release|x86.ActiveCfg = Release|Any CPU
		{83D197CE-5EE5-409E-8A41-8C7104172205}.Debug|Any CPU.ActiveCfg = Debug|Any CPU
		{83D197CE-5EE5-409E-8A41-8C7104172205}.Debug|Any CPU.Build.0 = Debug|Any CPU
		{83D197CE-5EE5-409E-8A41-8C7104172205}.Debug|Mixed Platforms.ActiveCfg = Debug|Any CPU
		{83D197CE-5EE5-409E-8A41-8C7104172205}.Debug|Mixed Platforms.Build.0 = Debug|Any CPU
		{83D197CE-5EE5-409E-8A41-8C7104172205}.Debug|x86.ActiveCfg = Debug|Any CPU
		{83D197CE-5EE5-409E-8A41-8C7104172205}.Release|Any CPU.ActiveCfg = Release|Any CPU
		{83D197CE-5EE5-409E-8A41-8C7104172205}.Release|Any CPU.Build.0 = Release|Any CPU
		{83D197CE-5EE5-409E-8A41-8C7104172205}.Release|Mixed Platforms.ActiveCfg = Release|Any CPU
		{83D197CE-5EE5-409E-8A41-8C7104172205}.Release|Mixed Platforms.Build.0 = Release|Any CPU
		{83D197CE-5EE5-409E-8A41-8C7104172205}.Release|x86.ActiveCfg = Release|Any CPU
		{3C004657-8682-4230-9AF9-15A179542CA4}.Debug|Any CPU.ActiveCfg = Debug|Any CPU
		{3C004657-8682-4230-9AF9-15A179542CA4}.Debug|Any CPU.Build.0 = Debug|Any CPU
		{3C004657-8682-4230-9AF9-15A179542CA4}.Debug|Mixed Platforms.ActiveCfg = Debug|Any CPU
		{3C004657-8682-4230-9AF9-15A179542CA4}.Debug|Mixed Platforms.Build.0 = Debug|Any CPU
		{3C004657-8682-4230-9AF9-15A179542CA4}.Debug|x86.ActiveCfg = Debug|Any CPU
		{3C004657-8682-4230-9AF9-15A179542CA4}.Release|Any CPU.ActiveCfg = Release|Any CPU
		{3C004657-8682-4230-9AF9-15A179542CA4}.Release|Any CPU.Build.0 = Release|Any CPU
		{3C004657-8682-4230-9AF9-15A179542CA4}.Release|Mixed Platforms.ActiveCfg = Release|Any CPU
		{3C004657-8682-4230-9AF9-15A179542CA4}.Release|Mixed Platforms.Build.0 = Release|Any CPU
		{3C004657-8682-4230-9AF9-15A179542CA4}.Release|x86.ActiveCfg = Release|Any CPU
		{42306605-A5D0-43AB-8EA3-540A9CD23218}.Debug|Any CPU.ActiveCfg = Debug|Any CPU
		{42306605-A5D0-43AB-8EA3-540A9CD23218}.Debug|Any CPU.Build.0 = Debug|Any CPU
		{42306605-A5D0-43AB-8EA3-540A9CD23218}.Debug|Mixed Platforms.ActiveCfg = Debug|Any CPU
		{42306605-A5D0-43AB-8EA3-540A9CD23218}.Debug|Mixed Platforms.Build.0 = Debug|Any CPU
		{42306605-A5D0-43AB-8EA3-540A9CD23218}.Debug|x86.ActiveCfg = Debug|Any CPU
		{42306605-A5D0-43AB-8EA3-540A9CD23218}.Release|Any CPU.ActiveCfg = Release|Any CPU
		{42306605-A5D0-43AB-8EA3-540A9CD23218}.Release|Any CPU.Build.0 = Release|Any CPU
		{42306605-A5D0-43AB-8EA3-540A9CD23218}.Release|Mixed Platforms.ActiveCfg = Release|Any CPU
		{42306605-A5D0-43AB-8EA3-540A9CD23218}.Release|Mixed Platforms.Build.0 = Release|Any CPU
		{42306605-A5D0-43AB-8EA3-540A9CD23218}.Release|x86.ActiveCfg = Release|Any CPU
		{A2C1E054-51F1-49FC-B602-98FFF0E9D218}.Debug|Any CPU.ActiveCfg = Debug|Any CPU
		{A2C1E054-51F1-49FC-B602-98FFF0E9D218}.Debug|Any CPU.Build.0 = Debug|Any CPU
		{A2C1E054-51F1-49FC-B602-98FFF0E9D218}.Debug|Mixed Platforms.ActiveCfg = Debug|Any CPU
		{A2C1E054-51F1-49FC-B602-98FFF0E9D218}.Debug|Mixed Platforms.Build.0 = Debug|Any CPU
		{A2C1E054-51F1-49FC-B602-98FFF0E9D218}.Debug|x86.ActiveCfg = Debug|Any CPU
		{A2C1E054-51F1-49FC-B602-98FFF0E9D218}.Release|Any CPU.ActiveCfg = Release|Any CPU
		{A2C1E054-51F1-49FC-B602-98FFF0E9D218}.Release|Any CPU.Build.0 = Release|Any CPU
		{A2C1E054-51F1-49FC-B602-98FFF0E9D218}.Release|Mixed Platforms.ActiveCfg = Release|Any CPU
		{A2C1E054-51F1-49FC-B602-98FFF0E9D218}.Release|Mixed Platforms.Build.0 = Release|Any CPU
		{A2C1E054-51F1-49FC-B602-98FFF0E9D218}.Release|x86.ActiveCfg = Release|Any CPU
	EndGlobalSection
	GlobalSection(SolutionProperties) = preSolution
		HideSolutionNode = FALSE
	EndGlobalSection
	GlobalSection(NestedProjects) = preSolution
		{3BA01FA4-AF6E-49B7-9C80-F9E2B197969C} = {A23B82FA-2863-4968-A064-A4E0A9F77045}
		{61D0E0D1-52FD-4432-A522-68CFB6F23B18} = {821EB794-D16E-42A3-B2E3-33DFE8247114}
		{430BC929-93BB-48D5-850D-5DA65E324FDD} = {821EB794-D16E-42A3-B2E3-33DFE8247114}
		{4C0765F2-A904-4E2E-8FFA-9DE0AA461804} = {2D37EE0D-0245-4C97-89AB-25BA69EA03CE}
		{A1828C05-AE1C-45F0-8F86-1195E40E62D7} = {2D37EE0D-0245-4C97-89AB-25BA69EA03CE}
		{D781684B-6B06-4D2C-B6F1-3A281D7C3697} = {2D37EE0D-0245-4C97-89AB-25BA69EA03CE}
		{C46C6F71-28D0-4151-8268-D5E851CDE9DC} = {2D37EE0D-0245-4C97-89AB-25BA69EA03CE}
		{924F63A9-9125-4E62-AF3F-ED28B9354E9E} = {2D37EE0D-0245-4C97-89AB-25BA69EA03CE}
		{B0F9A9E3-D4AC-44C5-AEC2-DE83534C7E73} = {2D37EE0D-0245-4C97-89AB-25BA69EA03CE}
		{8CF22F8F-C476-4053-83C5-FDAAA9963AAE} = {2D37EE0D-0245-4C97-89AB-25BA69EA03CE}
		{83D197CE-5EE5-409E-8A41-8C7104172205} = {2D37EE0D-0245-4C97-89AB-25BA69EA03CE}
		{3C004657-8682-4230-9AF9-15A179542CA4} = {2D37EE0D-0245-4C97-89AB-25BA69EA03CE}
		{42306605-A5D0-43AB-8EA3-540A9CD23218} = {2D37EE0D-0245-4C97-89AB-25BA69EA03CE}
		{A2C1E054-51F1-49FC-B602-98FFF0E9D218} = {2D37EE0D-0245-4C97-89AB-25BA69EA03CE}
		{08B30BEC-3995-4508-81EC-E96E396177FC} = {B1352518-A11F-4F75-864F-33A994AC5342}
		{2F9D77C2-C258-45BA-9921-9A7AE3729D4C} = {B1352518-A11F-4F75-864F-33A994AC5342}
		{E7F08DBA-90A9-425F-9DA0-02C7A003292A} = {B1352518-A11F-4F75-864F-33A994AC5342}
		{5F4F4B92-DFD3-43FB-80B3-E68215A975CE} = {B1352518-A11F-4F75-864F-33A994AC5342}
		{AA54B613-9AA7-4DDD-99B3-E8A3447B7BB4} = {B1352518-A11F-4F75-864F-33A994AC5342}
		{2A8828E5-50D9-4129-A28C-1E585C2D1B18} = {B1352518-A11F-4F75-864F-33A994AC5342}
	EndGlobalSection
	GlobalSection(MonoDevelopProperties) = preSolution
		StartupItem = CommandLine\EmuMac\EmuMac.csproj
	EndGlobalSection
EndGlobal
